
Microsoft Visual Studio Solution File, Format Version 12.00
# Visual Studio Version 17
VisualStudioVersion = 17.5.002.0
MinimumVisualStudioVersion = 10.0.40219.1
Project("{9A19103F-16F7-4668-BE54-9A1E7A4F7556}") = "Calculadora", "Calculadora\Calculadora.csproj", "{C36447D7-FB26-44B9-BF59-1214799BEA78}"
EndProject
Project("{9A19103F-16F7-4668-BE54-9A1E7A4F7556}") = "Operador Condicional na Prática", "Operador Condicional na Prática\Operador Condicional na Prática.csproj", "{848A3A71-9650-4BCD-81E7-42B2454E375D}"
EndProject
Project("{9A19103F-16F7-4668-BE54-9A1E7A4F7556}") = "Sintaxe .NET C#", "Sintaxe .NET C#\Sintaxe .NET C#.csproj", "{55C33F21-09CB-49CA-958E-A545B1EAD4C4}"
EndProject
Project("{9A19103F-16F7-4668-BE54-9A1E7A4F7556}") = "Tipo Date Time", "Tipo Date Time\Tipo Date Time.csproj", "{41F967F5-0C04-4AEA-9441-70A4F4C5DAD8}"
EndProject
Global
	GlobalSection(SolutionConfigurationPlatforms) = preSolution
		Debug|Any CPU = Debug|Any CPU
		Release|Any CPU = Release|Any CPU
	EndGlobalSection
	GlobalSection(ProjectConfigurationPlatforms) = postSolution
		{C36447D7-FB26-44B9-BF59-1214799BEA78}.Debug|Any CPU.ActiveCfg = Debug|Any CPU
		{C36447D7-FB26-44B9-BF59-1214799BEA78}.Debug|Any CPU.Build.0 = Debug|Any CPU
		{C36447D7-FB26-44B9-BF59-1214799BEA78}.Release|Any CPU.ActiveCfg = Release|Any CPU
		{C36447D7-FB26-44B9-BF59-1214799BEA78}.Release|Any CPU.Build.0 = Release|Any CPU
		{848A3A71-9650-4BCD-81E7-42B2454E375D}.Debug|Any CPU.ActiveCfg = Debug|Any CPU
		{848A3A71-9650-4BCD-81E7-42B2454E375D}.Debug|Any CPU.Build.0 = Debug|Any CPU
		{848A3A71-9650-4BCD-81E7-42B2454E375D}.Release|Any CPU.ActiveCfg = Release|Any CPU
		{848A3A71-9650-4BCD-81E7-42B2454E375D}.Release|Any CPU.Build.0 = Release|Any CPU
		{55C33F21-09CB-49CA-958E-A545B1EAD4C4}.Debug|Any CPU.ActiveCfg = Debug|Any CPU
		{55C33F21-09CB-49CA-958E-A545B1EAD4C4}.Debug|Any CPU.Build.0 = Debug|Any CPU
		{55C33F21-09CB-49CA-958E-A545B1EAD4C4}.Release|Any CPU.ActiveCfg = Release|Any CPU
		{55C33F21-09CB-49CA-958E-A545B1EAD4C4}.Release|Any CPU.Build.0 = Release|Any CPU
		{41F967F5-0C04-4AEA-9441-70A4F4C5DAD8}.Debug|Any CPU.ActiveCfg = Debug|Any CPU
		{41F967F5-0C04-4AEA-9441-70A4F4C5DAD8}.Debug|Any CPU.Build.0 = Debug|Any CPU
		{41F967F5-0C04-4AEA-9441-70A4F4C5DAD8}.Release|Any CPU.ActiveCfg = Release|Any CPU
		{41F967F5-0C04-4AEA-9441-70A4F4C5DAD8}.Release|Any CPU.Build.0 = Release|Any CPU
	EndGlobalSection
	GlobalSection(SolutionProperties) = preSolution
		HideSolutionNode = FALSE
	EndGlobalSection
	GlobalSection(ExtensibilityGlobals) = postSolution
		SolutionGuid = {05186E9E-8A0D-4E95-AB5A-1660BAA93F7F}
	EndGlobalSection
EndGlobal
