
Microsoft Visual Studio Solution File, Format Version 12.00
# Visual Studio Version 17
VisualStudioVersion = 17.5.002.0
MinimumVisualStudioVersion = 10.0.40219.1
Project("{9A19103F-16F7-4668-BE54-9A1E7A4F7556}") = "Calculadora", "Calculadora\Calculadora.csproj", "{AC7D157C-FE7B-433A-8759-7096B048333C}"
EndProject
Project("{9A19103F-16F7-4668-BE54-9A1E7A4F7556}") = "Operador Condicional na Prática", "Operador Condicional na Prática\Operador Condicional na Prática.csproj", "{6EA2ABD1-F08F-4F07-9ABE-37BD6F30A297}"
EndProject
Project("{9A19103F-16F7-4668-BE54-9A1E7A4F7556}") = "Sintaxe .NET C#", "Sintaxe .NET C#\Sintaxe .NET C#.csproj", "{8EED6A82-3CAF-4163-91EF-F06202F25656}"
EndProject
Project("{9A19103F-16F7-4668-BE54-9A1E7A4F7556}") = "Tipo Date Time", "Tipo Date Time\Tipo Date Time.csproj", "{0ADB217F-2A44-495F-A295-F10AFC975620}"
EndProject
Global
	GlobalSection(SolutionConfigurationPlatforms) = preSolution
		Debug|Any CPU = Debug|Any CPU
		Release|Any CPU = Release|Any CPU
	EndGlobalSection
	GlobalSection(ProjectConfigurationPlatforms) = postSolution
		{AC7D157C-FE7B-433A-8759-7096B048333C}.Debug|Any CPU.ActiveCfg = Debug|Any CPU
		{AC7D157C-FE7B-433A-8759-7096B048333C}.Debug|Any CPU.Build.0 = Debug|Any CPU
		{AC7D157C-FE7B-433A-8759-7096B048333C}.Release|Any CPU.ActiveCfg = Release|Any CPU
		{AC7D157C-FE7B-433A-8759-7096B048333C}.Release|Any CPU.Build.0 = Release|Any CPU
		{6EA2ABD1-F08F-4F07-9ABE-37BD6F30A297}.Debug|Any CPU.ActiveCfg = Debug|Any CPU
		{6EA2ABD1-F08F-4F07-9ABE-37BD6F30A297}.Debug|Any CPU.Build.0 = Debug|Any CPU
		{6EA2ABD1-F08F-4F07-9ABE-37BD6F30A297}.Release|Any CPU.ActiveCfg = Release|Any CPU
		{6EA2ABD1-F08F-4F07-9ABE-37BD6F30A297}.Release|Any CPU.Build.0 = Release|Any CPU
		{8EED6A82-3CAF-4163-91EF-F06202F25656}.Debug|Any CPU.ActiveCfg = Debug|Any CPU
		{8EED6A82-3CAF-4163-91EF-F06202F25656}.Debug|Any CPU.Build.0 = Debug|Any CPU
		{8EED6A82-3CAF-4163-91EF-F06202F25656}.Release|Any CPU.ActiveCfg = Release|Any CPU
		{8EED6A82-3CAF-4163-91EF-F06202F25656}.Release|Any CPU.Build.0 = Release|Any CPU
		{0ADB217F-2A44-495F-A295-F10AFC975620}.Debug|Any CPU.ActiveCfg = Debug|Any CPU
		{0ADB217F-2A44-495F-A295-F10AFC975620}.Debug|Any CPU.Build.0 = Debug|Any CPU
		{0ADB217F-2A44-495F-A295-F10AFC975620}.Release|Any CPU.ActiveCfg = Release|Any CPU
		{0ADB217F-2A44-495F-A295-F10AFC975620}.Release|Any CPU.Build.0 = Release|Any CPU
	EndGlobalSection
	GlobalSection(SolutionProperties) = preSolution
		HideSolutionNode = FALSE
	EndGlobalSection
	GlobalSection(ExtensibilityGlobals) = postSolution
		SolutionGuid = {05186E9E-8A0D-4E95-AB5A-1660BAA93F7F}
	EndGlobalSection
EndGlobal
