
Microsoft Visual Studio Solution File, Format Version 12.00
# Visual Studio Version 17
VisualStudioVersion = 17.5.002.0
MinimumVisualStudioVersion = 10.0.40219.1
Project("{9A19103F-16F7-4668-BE54-9A1E7A4F7556}") = "Array", "Array\Array.csproj", "{CFAB7D23-F4FF-4ED7-81EF-DBAE760AF319}"
EndProject
Project("{9A19103F-16F7-4668-BE54-9A1E7A4F7556}") = "Calculadora", "Calculadora\Calculadora.csproj", "{3E27B174-B045-4E14-9FF2-B2D4A832349D}"
EndProject
Project("{9A19103F-16F7-4668-BE54-9A1E7A4F7556}") = "Estruturas de repetição", "Estruturas de repetição\Estruturas de repetição.csproj", "{3333A9EF-1F9E-403E-A516-111E11E339C6}"
EndProject
Project("{9A19103F-16F7-4668-BE54-9A1E7A4F7556}") = "Menu interativo", "Menu interativo - Backup\Menu interativo.csproj", "{30F4595A-57C6-47F1-AB8A-D0376D2497C0}"
EndProject
Project("{9A19103F-16F7-4668-BE54-9A1E7A4F7556}") = "Operador Condicional na Prática", "Operador Condicional na Prática\Operador Condicional na Prática.csproj", "{C14F6E3E-EE4C-4244-8F2C-93BA20B3FF56}"
EndProject
Project("{9A19103F-16F7-4668-BE54-9A1E7A4F7556}") = "Sintaxe .NET C#", "Sintaxe .NET C#\Sintaxe .NET C#.csproj", "{80B28782-293B-453B-A65B-EF13B1E372F5}"
EndProject
Project("{9A19103F-16F7-4668-BE54-9A1E7A4F7556}") = "Tipo Date Time", "Tipo Date Time\Tipo Date Time.csproj", "{99FBEA83-FDE9-4619-AB45-D777CC5D77F1}"
EndProject
Project("{2150E333-8FDC-42A3-9474-1A3956D46DE8}") = "Menu interativo (1)", "Menu interativo", "{8E451FF1-818A-477D-ADA8-C2C5D2083656}"
EndProject
Project("{9A19103F-16F7-4668-BE54-9A1E7A4F7556}") = "Menu interativo", "Menu interativo\Menu interativo\Menu interativo.csproj", "{308A70BA-324A-43DC-B88D-B4076BA8B13E}"
EndProject
Project("{9A19103F-16F7-4668-BE54-9A1E7A4F7556}") = "Menu interativo.Common", "Menu interativo\Menu interativo.Common\Menu interativo.Common.csproj", "{D87589AB-69AD-4394-A0AB-17504A706E36}"
EndProject
Global
	GlobalSection(SolutionConfigurationPlatforms) = preSolution
		Debug|Any CPU = Debug|Any CPU
		Release|Any CPU = Release|Any CPU
	EndGlobalSection
	GlobalSection(ProjectConfigurationPlatforms) = postSolution
		{CFAB7D23-F4FF-4ED7-81EF-DBAE760AF319}.Debug|Any CPU.ActiveCfg = Debug|Any CPU
		{CFAB7D23-F4FF-4ED7-81EF-DBAE760AF319}.Debug|Any CPU.Build.0 = Debug|Any CPU
		{CFAB7D23-F4FF-4ED7-81EF-DBAE760AF319}.Release|Any CPU.ActiveCfg = Release|Any CPU
		{CFAB7D23-F4FF-4ED7-81EF-DBAE760AF319}.Release|Any CPU.Build.0 = Release|Any CPU
		{3E27B174-B045-4E14-9FF2-B2D4A832349D}.Debug|Any CPU.ActiveCfg = Debug|Any CPU
		{3E27B174-B045-4E14-9FF2-B2D4A832349D}.Debug|Any CPU.Build.0 = Debug|Any CPU
		{3E27B174-B045-4E14-9FF2-B2D4A832349D}.Release|Any CPU.ActiveCfg = Release|Any CPU
		{3E27B174-B045-4E14-9FF2-B2D4A832349D}.Release|Any CPU.Build.0 = Release|Any CPU
		{3333A9EF-1F9E-403E-A516-111E11E339C6}.Debug|Any CPU.ActiveCfg = Debug|Any CPU
		{3333A9EF-1F9E-403E-A516-111E11E339C6}.Debug|Any CPU.Build.0 = Debug|Any CPU
		{3333A9EF-1F9E-403E-A516-111E11E339C6}.Release|Any CPU.ActiveCfg = Release|Any CPU
		{3333A9EF-1F9E-403E-A516-111E11E339C6}.Release|Any CPU.Build.0 = Release|Any CPU
		{30F4595A-57C6-47F1-AB8A-D0376D2497C0}.Debug|Any CPU.ActiveCfg = Debug|Any CPU
		{30F4595A-57C6-47F1-AB8A-D0376D2497C0}.Debug|Any CPU.Build.0 = Debug|Any CPU
		{30F4595A-57C6-47F1-AB8A-D0376D2497C0}.Release|Any CPU.ActiveCfg = Release|Any CPU
		{30F4595A-57C6-47F1-AB8A-D0376D2497C0}.Release|Any CPU.Build.0 = Release|Any CPU
		{C14F6E3E-EE4C-4244-8F2C-93BA20B3FF56}.Debug|Any CPU.ActiveCfg = Debug|Any CPU
		{C14F6E3E-EE4C-4244-8F2C-93BA20B3FF56}.Debug|Any CPU.Build.0 = Debug|Any CPU
		{C14F6E3E-EE4C-4244-8F2C-93BA20B3FF56}.Release|Any CPU.ActiveCfg = Release|Any CPU
		{C14F6E3E-EE4C-4244-8F2C-93BA20B3FF56}.Release|Any CPU.Build.0 = Release|Any CPU
		{80B28782-293B-453B-A65B-EF13B1E372F5}.Debug|Any CPU.ActiveCfg = Debug|Any CPU
		{80B28782-293B-453B-A65B-EF13B1E372F5}.Debug|Any CPU.Build.0 = Debug|Any CPU
		{80B28782-293B-453B-A65B-EF13B1E372F5}.Release|Any CPU.ActiveCfg = Release|Any CPU
		{80B28782-293B-453B-A65B-EF13B1E372F5}.Release|Any CPU.Build.0 = Release|Any CPU
		{99FBEA83-FDE9-4619-AB45-D777CC5D77F1}.Debug|Any CPU.ActiveCfg = Debug|Any CPU
		{99FBEA83-FDE9-4619-AB45-D777CC5D77F1}.Debug|Any CPU.Build.0 = Debug|Any CPU
		{99FBEA83-FDE9-4619-AB45-D777CC5D77F1}.Release|Any CPU.ActiveCfg = Release|Any CPU
		{99FBEA83-FDE9-4619-AB45-D777CC5D77F1}.Release|Any CPU.Build.0 = Release|Any CPU
		{308A70BA-324A-43DC-B88D-B4076BA8B13E}.Debug|Any CPU.ActiveCfg = Debug|Any CPU
		{308A70BA-324A-43DC-B88D-B4076BA8B13E}.Debug|Any CPU.Build.0 = Debug|Any CPU
		{308A70BA-324A-43DC-B88D-B4076BA8B13E}.Release|Any CPU.ActiveCfg = Release|Any CPU
		{308A70BA-324A-43DC-B88D-B4076BA8B13E}.Release|Any CPU.Build.0 = Release|Any CPU
		{D87589AB-69AD-4394-A0AB-17504A706E36}.Debug|Any CPU.ActiveCfg = Debug|Any CPU
		{D87589AB-69AD-4394-A0AB-17504A706E36}.Debug|Any CPU.Build.0 = Debug|Any CPU
		{D87589AB-69AD-4394-A0AB-17504A706E36}.Release|Any CPU.ActiveCfg = Release|Any CPU
		{D87589AB-69AD-4394-A0AB-17504A706E36}.Release|Any CPU.Build.0 = Release|Any CPU
	EndGlobalSection
	GlobalSection(SolutionProperties) = preSolution
		HideSolutionNode = FALSE
	EndGlobalSection
	GlobalSection(NestedProjects) = preSolution
		{308A70BA-324A-43DC-B88D-B4076BA8B13E} = {8E451FF1-818A-477D-ADA8-C2C5D2083656}
		{D87589AB-69AD-4394-A0AB-17504A706E36} = {8E451FF1-818A-477D-ADA8-C2C5D2083656}
	EndGlobalSection
	GlobalSection(ExtensibilityGlobals) = postSolution
		SolutionGuid = {05186E9E-8A0D-4E95-AB5A-1660BAA93F7F}
	EndGlobalSection
EndGlobal
