
Microsoft Visual Studio Solution File, Format Version 12.00
# Visual Studio Version 17
VisualStudioVersion = 17.5.002.0
MinimumVisualStudioVersion = 10.0.40219.1
Project("{9A19103F-16F7-4668-BE54-9A1E7A4F7556}") = "Calculadora", "Calculadora.csproj", "{88F1FC65-87BF-4568-BE89-1AF95B211851}"
EndProject
Global
	GlobalSection(SolutionConfigurationPlatforms) = preSolution
		Debug|Any CPU = Debug|Any CPU
		Release|Any CPU = Release|Any CPU
	EndGlobalSection
	GlobalSection(ProjectConfigurationPlatforms) = postSolution
		{88F1FC65-87BF-4568-BE89-1AF95B211851}.Debug|Any CPU.ActiveCfg = Debug|Any CPU
		{88F1FC65-87BF-4568-BE89-1AF95B211851}.Debug|Any CPU.Build.0 = Debug|Any CPU
		{88F1FC65-87BF-4568-BE89-1AF95B211851}.Release|Any CPU.ActiveCfg = Release|Any CPU
		{88F1FC65-87BF-4568-BE89-1AF95B211851}.Release|Any CPU.Build.0 = Release|Any CPU
	EndGlobalSection
	GlobalSection(SolutionProperties) = preSolution
		HideSolutionNode = FALSE
	EndGlobalSection
	GlobalSection(ExtensibilityGlobals) = postSolution
		SolutionGuid = {E54FBEE3-2269-4BF6-8A67-D4CF949FC9C9}
	EndGlobalSection
EndGlobal
