
Microsoft Visual Studio Solution File, Format Version 12.00
# Visual Studio Version 17
VisualStudioVersion = 17.5.002.0
MinimumVisualStudioVersion = 10.0.40219.1
Project("{9A19103F-16F7-4668-BE54-9A1E7A4F7556}") = "Menu interativo", "Menu interativo\Menu interativo.csproj", "{948FC888-E6EC-4541-A0E6-DBDE70BFC598}"
EndProject
Project("{9A19103F-16F7-4668-BE54-9A1E7A4F7556}") = "Menu interativo.Common", "Menu interativo.Common\Menu interativo.Common.csproj", "{7E7EA9B5-56B2-456E-AF73-A3178BF5444A}"
EndProject
Global
	GlobalSection(SolutionConfigurationPlatforms) = preSolution
		Debug|Any CPU = Debug|Any CPU
		Release|Any CPU = Release|Any CPU
	EndGlobalSection
	GlobalSection(ProjectConfigurationPlatforms) = postSolution
		{948FC888-E6EC-4541-A0E6-DBDE70BFC598}.Debug|Any CPU.ActiveCfg = Debug|Any CPU
		{948FC888-E6EC-4541-A0E6-DBDE70BFC598}.Debug|Any CPU.Build.0 = Debug|Any CPU
		{948FC888-E6EC-4541-A0E6-DBDE70BFC598}.Release|Any CPU.ActiveCfg = Release|Any CPU
		{948FC888-E6EC-4541-A0E6-DBDE70BFC598}.Release|Any CPU.Build.0 = Release|Any CPU
		{7E7EA9B5-56B2-456E-AF73-A3178BF5444A}.Debug|Any CPU.ActiveCfg = Debug|Any CPU
		{7E7EA9B5-56B2-456E-AF73-A3178BF5444A}.Debug|Any CPU.Build.0 = Debug|Any CPU
		{7E7EA9B5-56B2-456E-AF73-A3178BF5444A}.Release|Any CPU.ActiveCfg = Release|Any CPU
		{7E7EA9B5-56B2-456E-AF73-A3178BF5444A}.Release|Any CPU.Build.0 = Release|Any CPU
	EndGlobalSection
	GlobalSection(SolutionProperties) = preSolution
		HideSolutionNode = FALSE
	EndGlobalSection
	GlobalSection(ExtensibilityGlobals) = postSolution
		SolutionGuid = {A09DC65D-5115-4CD4-85B5-E12700CE4C8D}
	EndGlobalSection
EndGlobal
